# This file is automatically @generated by Cargo.
# It is not intended for manual editing.
[[package]]
name = "assert_cmd"
version = "0.11.1"
source = "registry+https://github.com/rust-lang/crates.io-index"
dependencies = [
 "escargot 0.4.0 (registry+https://github.com/rust-lang/crates.io-index)",
 "predicates 1.0.2 (registry+https://github.com/rust-lang/crates.io-index)",
 "predicates-core 1.0.0 (registry+https://github.com/rust-lang/crates.io-index)",
 "predicates-tree 1.0.0 (registry+https://github.com/rust-lang/crates.io-index)",
]

[[package]]
name = "block-buffer"
version = "0.7.3"
source = "registry+https://github.com/rust-lang/crates.io-index"
dependencies = [
 "block-padding 0.1.5 (registry+https://github.com/rust-lang/crates.io-index)",
 "byte-tools 0.3.1 (registry+https://github.com/rust-lang/crates.io-index)",
 "byteorder 1.3.2 (registry+https://github.com/rust-lang/crates.io-index)",
 "generic-array 0.12.3 (registry+https://github.com/rust-lang/crates.io-index)",
]

[[package]]
name = "block-padding"
version = "0.1.5"
source = "registry+https://github.com/rust-lang/crates.io-index"
dependencies = [
 "byte-tools 0.3.1 (registry+https://github.com/rust-lang/crates.io-index)",
]

[[package]]
name = "byte-tools"
version = "0.3.1"
source = "registry+https://github.com/rust-lang/crates.io-index"

[[package]]
name = "byteorder"
version = "1.3.2"
source = "registry+https://github.com/rust-lang/crates.io-index"

[[package]]
name = "c2-chacha"
version = "0.2.3"
source = "registry+https://github.com/rust-lang/crates.io-index"
dependencies = [
 "ppv-lite86 0.2.6 (registry+https://github.com/rust-lang/crates.io-index)",
]

[[package]]
name = "cfg-if"
version = "0.1.10"
source = "registry+https://github.com/rust-lang/crates.io-index"

[[package]]
name = "difference"
version = "2.0.0"
source = "registry+https://github.com/rust-lang/crates.io-index"

[[package]]
name = "digest"
version = "0.8.1"
source = "registry+https://github.com/rust-lang/crates.io-index"
dependencies = [
 "generic-array 0.12.3 (registry+https://github.com/rust-lang/crates.io-index)",
]

[[package]]
name = "doc-comment"
version = "0.3.1"
source = "registry+https://github.com/rust-lang/crates.io-index"

[[package]]
name = "escargot"
version = "0.4.0"
source = "registry+https://github.com/rust-lang/crates.io-index"
dependencies = [
 "lazy_static 1.4.0 (registry+https://github.com/rust-lang/crates.io-index)",
 "log 0.4.8 (registry+https://github.com/rust-lang/crates.io-index)",
 "serde 1.0.102 (registry+https://github.com/rust-lang/crates.io-index)",
 "serde_json 1.0.41 (registry+https://github.com/rust-lang/crates.io-index)",
]

[[package]]
name = "fake-simd"
version = "0.1.2"
source = "registry+https://github.com/rust-lang/crates.io-index"

[[package]]
name = "generic-array"
version = "0.12.3"
source = "registry+https://github.com/rust-lang/crates.io-index"
dependencies = [
 "typenum 1.11.2 (registry+https://github.com/rust-lang/crates.io-index)",
]

[[package]]
name = "getrandom"
version = "0.1.13"
source = "registry+https://github.com/rust-lang/crates.io-index"
dependencies = [
 "cfg-if 0.1.10 (registry+https://github.com/rust-lang/crates.io-index)",
 "libc 0.2.65 (registry+https://github.com/rust-lang/crates.io-index)",
 "wasi 0.7.0 (registry+https://github.com/rust-lang/crates.io-index)",
]

[[package]]
name = "handlebars"
version = "3.0.0-beta.1"
source = "registry+https://github.com/rust-lang/crates.io-index"
dependencies = [
 "log 0.4.8 (registry+https://github.com/rust-lang/crates.io-index)",
 "pest 2.1.2 (registry+https://github.com/rust-lang/crates.io-index)",
 "pest_derive 2.1.0 (registry+https://github.com/rust-lang/crates.io-index)",
 "quick-error 1.2.2 (registry+https://github.com/rust-lang/crates.io-index)",
 "serde 1.0.102 (registry+https://github.com/rust-lang/crates.io-index)",
 "serde_json 1.0.41 (registry+https://github.com/rust-lang/crates.io-index)",
]

[[package]]
name = "handlebars-cli"
version = "1.0.0"
dependencies = [
 "assert_cmd 0.11.1 (registry+https://github.com/rust-lang/crates.io-index)",
 "handlebars 3.0.0-beta.1 (registry+https://github.com/rust-lang/crates.io-index)",
 "serde_json 1.0.41 (registry+https://github.com/rust-lang/crates.io-index)",
 "snafu 0.6.0 (registry+https://github.com/rust-lang/crates.io-index)",
 "tempfile 3.1.0 (registry+https://github.com/rust-lang/crates.io-index)",
]

[[package]]
name = "itoa"
version = "0.4.4"
source = "registry+https://github.com/rust-lang/crates.io-index"

[[package]]
name = "lazy_static"
version = "1.4.0"
source = "registry+https://github.com/rust-lang/crates.io-index"

[[package]]
name = "libc"
version = "0.2.65"
source = "registry+https://github.com/rust-lang/crates.io-index"

[[package]]
name = "log"
version = "0.4.8"
source = "registry+https://github.com/rust-lang/crates.io-index"
dependencies = [
 "cfg-if 0.1.10 (registry+https://github.com/rust-lang/crates.io-index)",
]

[[package]]
name = "maplit"
version = "1.0.2"
source = "registry+https://github.com/rust-lang/crates.io-index"

[[package]]
name = "opaque-debug"
version = "0.2.3"
source = "registry+https://github.com/rust-lang/crates.io-index"

[[package]]
name = "pest"
version = "2.1.2"
source = "registry+https://github.com/rust-lang/crates.io-index"
dependencies = [
 "ucd-trie 0.1.2 (registry+https://github.com/rust-lang/crates.io-index)",
]

[[package]]
name = "pest_derive"
version = "2.1.0"
source = "registry+https://github.com/rust-lang/crates.io-index"
dependencies = [
 "pest 2.1.2 (registry+https://github.com/rust-lang/crates.io-index)",
 "pest_generator 2.1.1 (registry+https://github.com/rust-lang/crates.io-index)",
]

[[package]]
name = "pest_generator"
version = "2.1.1"
source = "registry+https://github.com/rust-lang/crates.io-index"
dependencies = [
 "pest 2.1.2 (registry+https://github.com/rust-lang/crates.io-index)",
 "pest_meta 2.1.2 (registry+https://github.com/rust-lang/crates.io-index)",
 "proc-macro2 1.0.6 (registry+https://github.com/rust-lang/crates.io-index)",
 "quote 1.0.2 (registry+https://github.com/rust-lang/crates.io-index)",
 "syn 1.0.8 (registry+https://github.com/rust-lang/crates.io-index)",
]

[[package]]
name = "pest_meta"
version = "2.1.2"
source = "registry+https://github.com/rust-lang/crates.io-index"
dependencies = [
 "maplit 1.0.2 (registry+https://github.com/rust-lang/crates.io-index)",
 "pest 2.1.2 (registry+https://github.com/rust-lang/crates.io-index)",
 "sha-1 0.8.1 (registry+https://github.com/rust-lang/crates.io-index)",
]

[[package]]
name = "ppv-lite86"
version = "0.2.6"
source = "registry+https://github.com/rust-lang/crates.io-index"

[[package]]
name = "predicates"
version = "1.0.2"
source = "registry+https://github.com/rust-lang/crates.io-index"
dependencies = [
 "difference 2.0.0 (registry+https://github.com/rust-lang/crates.io-index)",
 "predicates-core 1.0.0 (registry+https://github.com/rust-lang/crates.io-index)",
]

[[package]]
name = "predicates-core"
version = "1.0.0"
source = "registry+https://github.com/rust-lang/crates.io-index"

[[package]]
name = "predicates-tree"
version = "1.0.0"
source = "registry+https://github.com/rust-lang/crates.io-index"
dependencies = [
 "predicates-core 1.0.0 (registry+https://github.com/rust-lang/crates.io-index)",
 "treeline 0.1.0 (registry+https://github.com/rust-lang/crates.io-index)",
]

[[package]]
name = "proc-macro2"
version = "1.0.6"
source = "registry+https://github.com/rust-lang/crates.io-index"
dependencies = [
 "unicode-xid 0.2.0 (registry+https://github.com/rust-lang/crates.io-index)",
]

[[package]]
name = "quick-error"
version = "1.2.2"
source = "registry+https://github.com/rust-lang/crates.io-index"

[[package]]
name = "quote"
version = "1.0.2"
source = "registry+https://github.com/rust-lang/crates.io-index"
dependencies = [
 "proc-macro2 1.0.6 (registry+https://github.com/rust-lang/crates.io-index)",
]

[[package]]
name = "rand"
version = "0.7.2"
source = "registry+https://github.com/rust-lang/crates.io-index"
dependencies = [
 "getrandom 0.1.13 (registry+https://github.com/rust-lang/crates.io-index)",
 "libc 0.2.65 (registry+https://github.com/rust-lang/crates.io-index)",
 "rand_chacha 0.2.1 (registry+https://github.com/rust-lang/crates.io-index)",
 "rand_core 0.5.1 (registry+https://github.com/rust-lang/crates.io-index)",
 "rand_hc 0.2.0 (registry+https://github.com/rust-lang/crates.io-index)",
]

[[package]]
name = "rand_chacha"
version = "0.2.1"
source = "registry+https://github.com/rust-lang/crates.io-index"
dependencies = [
 "c2-chacha 0.2.3 (registry+https://github.com/rust-lang/crates.io-index)",
 "rand_core 0.5.1 (registry+https://github.com/rust-lang/crates.io-index)",
]

[[package]]
name = "rand_core"
version = "0.5.1"
source = "registry+https://github.com/rust-lang/crates.io-index"
dependencies = [
 "getrandom 0.1.13 (registry+https://github.com/rust-lang/crates.io-index)",
]

[[package]]
name = "rand_hc"
version = "0.2.0"
source = "registry+https://github.com/rust-lang/crates.io-index"
dependencies = [
 "rand_core 0.5.1 (registry+https://github.com/rust-lang/crates.io-index)",
]

[[package]]
name = "redox_syscall"
version = "0.1.56"
source = "registry+https://github.com/rust-lang/crates.io-index"

[[package]]
name = "remove_dir_all"
version = "0.5.2"
source = "registry+https://github.com/rust-lang/crates.io-index"
dependencies = [
 "winapi 0.3.8 (registry+https://github.com/rust-lang/crates.io-index)",
]

[[package]]
name = "ryu"
version = "1.0.2"
source = "registry+https://github.com/rust-lang/crates.io-index"

[[package]]
name = "serde"
version = "1.0.102"
source = "registry+https://github.com/rust-lang/crates.io-index"
dependencies = [
 "serde_derive 1.0.102 (registry+https://github.com/rust-lang/crates.io-index)",
]

[[package]]
name = "serde_derive"
version = "1.0.102"
source = "registry+https://github.com/rust-lang/crates.io-index"
dependencies = [
 "proc-macro2 1.0.6 (registry+https://github.com/rust-lang/crates.io-index)",
 "quote 1.0.2 (registry+https://github.com/rust-lang/crates.io-index)",
 "syn 1.0.8 (registry+https://github.com/rust-lang/crates.io-index)",
]

[[package]]
name = "serde_json"
version = "1.0.41"
source = "registry+https://github.com/rust-lang/crates.io-index"
dependencies = [
 "itoa 0.4.4 (registry+https://github.com/rust-lang/crates.io-index)",
 "ryu 1.0.2 (registry+https://github.com/rust-lang/crates.io-index)",
 "serde 1.0.102 (registry+https://github.com/rust-lang/crates.io-index)",
]

[[package]]
name = "sha-1"
version = "0.8.1"
source = "registry+https://github.com/rust-lang/crates.io-index"
dependencies = [
 "block-buffer 0.7.3 (registry+https://github.com/rust-lang/crates.io-index)",
 "digest 0.8.1 (registry+https://github.com/rust-lang/crates.io-index)",
 "fake-simd 0.1.2 (registry+https://github.com/rust-lang/crates.io-index)",
 "opaque-debug 0.2.3 (registry+https://github.com/rust-lang/crates.io-index)",
]

[[package]]
name = "snafu"
version = "0.6.0"
source = "registry+https://github.com/rust-lang/crates.io-index"
dependencies = [
 "doc-comment 0.3.1 (registry+https://github.com/rust-lang/crates.io-index)",
 "snafu-derive 0.6.0 (registry+https://github.com/rust-lang/crates.io-index)",
]

[[package]]
name = "snafu-derive"
version = "0.6.0"
source = "registry+https://github.com/rust-lang/crates.io-index"
dependencies = [
 "proc-macro2 1.0.6 (registry+https://github.com/rust-lang/crates.io-index)",
 "quote 1.0.2 (registry+https://github.com/rust-lang/crates.io-index)",
 "syn 1.0.8 (registry+https://github.com/rust-lang/crates.io-index)",
]

[[package]]
name = "syn"
version = "1.0.8"
source = "registry+https://github.com/rust-lang/crates.io-index"
dependencies = [
 "proc-macro2 1.0.6 (registry+https://github.com/rust-lang/crates.io-index)",
 "quote 1.0.2 (registry+https://github.com/rust-lang/crates.io-index)",
 "unicode-xid 0.2.0 (registry+https://github.com/rust-lang/crates.io-index)",
]

[[package]]
name = "tempfile"
version = "3.1.0"
source = "registry+https://github.com/rust-lang/crates.io-index"
dependencies = [
 "cfg-if 0.1.10 (registry+https://github.com/rust-lang/crates.io-index)",
 "libc 0.2.65 (registry+https://github.com/rust-lang/crates.io-index)",
 "rand 0.7.2 (registry+https://github.com/rust-lang/crates.io-index)",
 "redox_syscall 0.1.56 (registry+https://github.com/rust-lang/crates.io-index)",
 "remove_dir_all 0.5.2 (registry+https://github.com/rust-lang/crates.io-index)",
 "winapi 0.3.8 (registry+https://github.com/rust-lang/crates.io-index)",
]

[[package]]
name = "treeline"
version = "0.1.0"
source = "registry+https://github.com/rust-lang/crates.io-index"

[[package]]
name = "typenum"
version = "1.11.2"
source = "registry+https://github.com/rust-lang/crates.io-index"

[[package]]
name = "ucd-trie"
version = "0.1.2"
source = "registry+https://github.com/rust-lang/crates.io-index"

[[package]]
name = "unicode-xid"
version = "0.2.0"
source = "registry+https://github.com/rust-lang/crates.io-index"

[[package]]
name = "wasi"
version = "0.7.0"
source = "registry+https://github.com/rust-lang/crates.io-index"

[[package]]
name = "winapi"
version = "0.3.8"
source = "registry+https://github.com/rust-lang/crates.io-index"
dependencies = [
 "winapi-i686-pc-windows-gnu 0.4.0 (registry+https://github.com/rust-lang/crates.io-index)",
 "winapi-x86_64-pc-windows-gnu 0.4.0 (registry+https://github.com/rust-lang/crates.io-index)",
]

[[package]]
name = "winapi-i686-pc-windows-gnu"
version = "0.4.0"
source = "registry+https://github.com/rust-lang/crates.io-index"

[[package]]
name = "winapi-x86_64-pc-windows-gnu"
version = "0.4.0"
source = "registry+https://github.com/rust-lang/crates.io-index"

[metadata]
"checksum assert_cmd 0.11.1 (registry+https://github.com/rust-lang/crates.io-index)" = "2dc477793bd82ec39799b6f6b3df64938532fdf2ab0d49ef817eac65856a5a1e"
"checksum block-buffer 0.7.3 (registry+https://github.com/rust-lang/crates.io-index)" = "c0940dc441f31689269e10ac70eb1002a3a1d3ad1390e030043662eb7fe4688b"
"checksum block-padding 0.1.5 (registry+https://github.com/rust-lang/crates.io-index)" = "fa79dedbb091f449f1f39e53edf88d5dbe95f895dae6135a8d7b881fb5af73f5"
"checksum byte-tools 0.3.1 (registry+https://github.com/rust-lang/crates.io-index)" = "e3b5ca7a04898ad4bcd41c90c5285445ff5b791899bb1b0abdd2a2aa791211d7"
"checksum byteorder 1.3.2 (registry+https://github.com/rust-lang/crates.io-index)" = "a7c3dd8985a7111efc5c80b44e23ecdd8c007de8ade3b96595387e812b957cf5"
"checksum c2-chacha 0.2.3 (registry+https://github.com/rust-lang/crates.io-index)" = "214238caa1bf3a496ec3392968969cab8549f96ff30652c9e56885329315f6bb"
"checksum cfg-if 0.1.10 (registry+https://github.com/rust-lang/crates.io-index)" = "4785bdd1c96b2a846b2bd7cc02e86b6b3dbf14e7e53446c4f54c92a361040822"
"checksum difference 2.0.0 (registry+https://github.com/rust-lang/crates.io-index)" = "524cbf6897b527295dff137cec09ecf3a05f4fddffd7dfcd1585403449e74198"
"checksum digest 0.8.1 (registry+https://github.com/rust-lang/crates.io-index)" = "f3d0c8c8752312f9713efd397ff63acb9f85585afbf179282e720e7704954dd5"
"checksum doc-comment 0.3.1 (registry+https://github.com/rust-lang/crates.io-index)" = "923dea538cea0aa3025e8685b20d6ee21ef99c4f77e954a30febbaac5ec73a97"
"checksum escargot 0.4.0 (registry+https://github.com/rust-lang/crates.io-index)" = "ceb9adbf9874d5d028b5e4c5739d22b71988252b25c9c98fe7cf9738bee84597"
"checksum fake-simd 0.1.2 (registry+https://github.com/rust-lang/crates.io-index)" = "e88a8acf291dafb59c2d96e8f59828f3838bb1a70398823ade51a84de6a6deed"
"checksum generic-array 0.12.3 (registry+https://github.com/rust-lang/crates.io-index)" = "c68f0274ae0e023facc3c97b2e00f076be70e254bc851d972503b328db79b2ec"
"checksum getrandom 0.1.13 (registry+https://github.com/rust-lang/crates.io-index)" = "e7db7ca94ed4cd01190ceee0d8a8052f08a247aa1b469a7f68c6a3b71afcf407"
"checksum handlebars 3.0.0-beta.1 (registry+https://github.com/rust-lang/crates.io-index)" = "c58eb72daf3a85e447b92c2c4a020493c3d8b866bdd29026bd31389f23d2dd7b"
"checksum itoa 0.4.4 (registry+https://github.com/rust-lang/crates.io-index)" = "501266b7edd0174f8530248f87f99c88fbe60ca4ef3dd486835b8d8d53136f7f"
"checksum lazy_static 1.4.0 (registry+https://github.com/rust-lang/crates.io-index)" = "e2abad23fbc42b3700f2f279844dc832adb2b2eb069b2df918f455c4e18cc646"
"checksum libc 0.2.65 (registry+https://github.com/rust-lang/crates.io-index)" = "1a31a0627fdf1f6a39ec0dd577e101440b7db22672c0901fe00a9a6fbb5c24e8"
"checksum log 0.4.8 (registry+https://github.com/rust-lang/crates.io-index)" = "14b6052be84e6b71ab17edffc2eeabf5c2c3ae1fdb464aae35ac50c67a44e1f7"
"checksum maplit 1.0.2 (registry+https://github.com/rust-lang/crates.io-index)" = "3e2e65a1a2e43cfcb47a895c4c8b10d1f4a61097f9f254f183aee60cad9c651d"
"checksum opaque-debug 0.2.3 (registry+https://github.com/rust-lang/crates.io-index)" = "2839e79665f131bdb5782e51f2c6c9599c133c6098982a54c794358bf432529c"
"checksum pest 2.1.2 (registry+https://github.com/rust-lang/crates.io-index)" = "7e4fb201c5c22a55d8b24fef95f78be52738e5e1361129be1b5e862ecdb6894a"
"checksum pest_derive 2.1.0 (registry+https://github.com/rust-lang/crates.io-index)" = "833d1ae558dc601e9a60366421196a8d94bc0ac980476d0b67e1d0988d72b2d0"
"checksum pest_generator 2.1.1 (registry+https://github.com/rust-lang/crates.io-index)" = "7b9fcf299b5712d06ee128a556c94709aaa04512c4dffb8ead07c5c998447fc0"
"checksum pest_meta 2.1.2 (registry+https://github.com/rust-lang/crates.io-index)" = "df43fd99896fd72c485fe47542c7b500e4ac1e8700bf995544d1317a60ded547"
"checksum ppv-lite86 0.2.6 (registry+https://github.com/rust-lang/crates.io-index)" = "74490b50b9fbe561ac330df47c08f3f33073d2d00c150f719147d7c54522fa1b"
"checksum predicates 1.0.2 (registry+https://github.com/rust-lang/crates.io-index)" = "a9bfe52247e5cc9b2f943682a85a5549fb9662245caf094504e69a2f03fe64d4"
"checksum predicates-core 1.0.0 (registry+https://github.com/rust-lang/crates.io-index)" = "06075c3a3e92559ff8929e7a280684489ea27fe44805174c3ebd9328dcb37178"
"checksum predicates-tree 1.0.0 (registry+https://github.com/rust-lang/crates.io-index)" = "8e63c4859013b38a76eca2414c64911fba30def9e3202ac461a2d22831220124"
"checksum proc-macro2 1.0.6 (registry+https://github.com/rust-lang/crates.io-index)" = "9c9e470a8dc4aeae2dee2f335e8f533e2d4b347e1434e5671afc49b054592f27"
"checksum quick-error 1.2.2 (registry+https://github.com/rust-lang/crates.io-index)" = "9274b940887ce9addde99c4eee6b5c44cc494b182b97e73dc8ffdcb3397fd3f0"
"checksum quote 1.0.2 (registry+https://github.com/rust-lang/crates.io-index)" = "053a8c8bcc71fcce321828dc897a98ab9760bef03a4fc36693c231e5b3216cfe"
"checksum rand 0.7.2 (registry+https://github.com/rust-lang/crates.io-index)" = "3ae1b169243eaf61759b8475a998f0a385e42042370f3a7dbaf35246eacc8412"
"checksum rand_chacha 0.2.1 (registry+https://github.com/rust-lang/crates.io-index)" = "03a2a90da8c7523f554344f921aa97283eadf6ac484a6d2a7d0212fa7f8d6853"
"checksum rand_core 0.5.1 (registry+https://github.com/rust-lang/crates.io-index)" = "90bde5296fc891b0cef12a6d03ddccc162ce7b2aff54160af9338f8d40df6d19"
"checksum rand_hc 0.2.0 (registry+https://github.com/rust-lang/crates.io-index)" = "ca3129af7b92a17112d59ad498c6f81eaf463253766b90396d39ea7a39d6613c"
"checksum redox_syscall 0.1.56 (registry+https://github.com/rust-lang/crates.io-index)" = "2439c63f3f6139d1b57529d16bc3b8bb855230c8efcc5d3a896c8bea7c3b1e84"
"checksum remove_dir_all 0.5.2 (registry+https://github.com/rust-lang/crates.io-index)" = "4a83fa3702a688b9359eccba92d153ac33fd2e8462f9e0e3fdf155239ea7792e"
"checksum ryu 1.0.2 (registry+https://github.com/rust-lang/crates.io-index)" = "bfa8506c1de11c9c4e4c38863ccbe02a305c8188e85a05a784c9e11e1c3910c8"
"checksum serde 1.0.102 (registry+https://github.com/rust-lang/crates.io-index)" = "0c4b39bd9b0b087684013a792c59e3e07a46a01d2322518d8a1104641a0b1be0"
"checksum serde_derive 1.0.102 (registry+https://github.com/rust-lang/crates.io-index)" = "ca13fc1a832f793322228923fbb3aba9f3f44444898f835d31ad1b74fa0a2bf8"
"checksum serde_json 1.0.41 (registry+https://github.com/rust-lang/crates.io-index)" = "2f72eb2a68a7dc3f9a691bfda9305a1c017a6215e5a4545c258500d2099a37c2"
"checksum sha-1 0.8.1 (registry+https://github.com/rust-lang/crates.io-index)" = "23962131a91661d643c98940b20fcaffe62d776a823247be80a48fcb8b6fce68"
"checksum snafu 0.6.0 (registry+https://github.com/rust-lang/crates.io-index)" = "41207ca11f96a62cd34e6b7fdf73d322b25ae3848eb9d38302169724bb32cf27"
"checksum snafu-derive 0.6.0 (registry+https://github.com/rust-lang/crates.io-index)" = "4c5e338c8b0577457c9dda8e794b6ad7231c96e25b1b0dd5842d52249020c1c0"
"checksum syn 1.0.8 (registry+https://github.com/rust-lang/crates.io-index)" = "661641ea2aa15845cddeb97dad000d22070bb5c1fb456b96c1cba883ec691e92"
"checksum tempfile 3.1.0 (registry+https://github.com/rust-lang/crates.io-index)" = "7a6e24d9338a0a5be79593e2fa15a648add6138caa803e2d5bc782c371732ca9"
"checksum treeline 0.1.0 (registry+https://github.com/rust-lang/crates.io-index)" = "a7f741b240f1a48843f9b8e0444fb55fb2a4ff67293b50a9179dfd5ea67f8d41"
"checksum typenum 1.11.2 (registry+https://github.com/rust-lang/crates.io-index)" = "6d2783fe2d6b8c1101136184eb41be8b1ad379e4657050b8aaff0c79ee7575f9"
"checksum ucd-trie 0.1.2 (registry+https://github.com/rust-lang/crates.io-index)" = "8f00ed7be0c1ff1e24f46c3d2af4859f7e863672ba3a6e92e7cff702bf9f06c2"
"checksum unicode-xid 0.2.0 (registry+https://github.com/rust-lang/crates.io-index)" = "826e7639553986605ec5979c7dd957c7895e93eabed50ab2ffa7f6128a75097c"
"checksum wasi 0.7.0 (registry+https://github.com/rust-lang/crates.io-index)" = "b89c3ce4ce14bdc6fb6beaf9ec7928ca331de5df7e5ea278375642a2f478570d"
"checksum winapi 0.3.8 (registry+https://github.com/rust-lang/crates.io-index)" = "8093091eeb260906a183e6ae1abdba2ef5ef2257a21801128899c3fc699229c6"
"checksum winapi-i686-pc-windows-gnu 0.4.0 (registry+https://github.com/rust-lang/crates.io-index)" = "ac3b87c63620426dd9b991e5ce0329eff545bccbbb34f3be09ff6fb6ab51b7b6"
"checksum winapi-x86_64-pc-windows-gnu 0.4.0 (registry+https://github.com/rust-lang/crates.io-index)" = "712e227841d057c1ee1cd2fb22fa7e5a5461ae8e48fa2ca79ec42cfc1931183f"
